
Microsoft Visual Studio Solution File, Format Version 12.00
# Visual Studio Version 17
VisualStudioVersion = 17.4.32916.344
MinimumVisualStudioVersion = 10.0.40219.1
Project("{8BC9CEB8-8B4A-11D0-8D11-00A0C91BC942}") = "kapl_Lab1", "kapl_Lab1\kapl_Lab1.vcxproj", "{B908C514-3922-439F-9B82-8EDBE0872324}"
EndProject
Global
	GlobalSection(SolutionConfigurationPlatforms) = preSolution
		Debug|x64 = Debug|x64
		Debug|x86 = Debug|x86
		Release|x64 = Release|x64
		Release|x86 = Release|x86
	EndGlobalSection
	GlobalSection(ProjectConfigurationPlatforms) = postSolution
		{B908C514-3922-439F-9B82-8EDBE0872324}.Debug|x64.ActiveCfg = Debug|x64
		{B908C514-3922-439F-9B82-8EDBE0872324}.Debug|x64.Build.0 = Debug|x64
		{B908C514-3922-439F-9B82-8EDBE0872324}.Debug|x86.ActiveCfg = Debug|Win32
		{B908C514-3922-439F-9B82-8EDBE0872324}.Debug|x86.Build.0 = Debug|Win32
		{B908C514-3922-439F-9B82-8EDBE0872324}.Release|x64.ActiveCfg = Release|x64
		{B908C514-3922-439F-9B82-8EDBE0872324}.Release|x64.Build.0 = Release|x64
		{B908C514-3922-439F-9B82-8EDBE0872324}.Release|x86.ActiveCfg = Release|Win32
		{B908C514-3922-439F-9B82-8EDBE0872324}.Release|x86.Build.0 = Release|Win32
	EndGlobalSection
	GlobalSection(SolutionProperties) = preSolution
		HideSolutionNode = FALSE
	EndGlobalSection
	GlobalSection(ExtensibilityGlobals) = postSolution
		SolutionGuid = {0EE8FBCA-C74F-487E-A3DE-21C081C4AF63}
	EndGlobalSection
EndGlobal
